# THIS IS AN AUTOGENERATED FILE. DO NOT EDIT THIS FILE DIRECTLY.
# yarn lockfile v1


sam-js@^0.1.4:
  version "0.1.4"
  resolved "https://registry.yarnpkg.com/sam-js/-/sam-js-0.1.4.tgz#cf0b0594ca4fa93369b8f4014e913376f5506c0b"
  integrity sha512-Zu9ZwDwHDj9RipdpIpACiJND4+v7Y1muzDCyNPX2m5KwOXyUrTmuyHifGnuGVlCDNVV+6fsKXCaknjGKns6j0A==
